# This file is automatically @generated by Cargo.
# It is not intended for manual editing.
version = 3

[[package]]
name = "gxhash"
version = "3.4.1"
source = "registry+https://github.com/rust-lang/crates.io-index"
checksum = "a197c9b654827513cf53842c5c6d3da2b4b35a785f8e0eff78bdf8e445aba1bb"
dependencies = [
 "rustversion",
]

[[package]]
name = "rcd"
version = "0.1.0"
dependencies = [
 "gxhash",
]

[[package]]
name = "rustversion"
version = "1.0.18"
source = "registry+https://github.com/rust-lang/crates.io-index"
checksum = "0e819f2bc632f285be6d7cd36e25940d45b2391dd6d9b939e79de557f7014248"
